<?xml version="1.0" encoding="utf-8"?>
<Project ToolsVersion="4.0" xmlns="http://schemas.microsoft.com/developer/msbuild/2003">
  <ItemGroup>
    <Filter Include="Resource Files">
      <UniqueIdentifier>{67DA6AB6-F800-4c08-8B7A-83BB121AAD01}</UniqueIdentifier>
      <Extensions>rc;ico;cur;bmp;dlg;rc2;rct;bin;rgs;gif;jpg;jpeg;jpe;resx;tiff;tif;png;wav;mfcribbon-ms</Extensions>
    </Filter>
    <Filter Include="Shaders">
      <UniqueIdentifier>{4fa7d0f5-4b85-4ff1-bf6d-258f3440ac63}</UniqueIdentifier>
    </Filter>
    <Filter Include="Render">
      <UniqueIdentifier>{98008a03-f18c-46db-9004-d2eeb4deacfd}</UniqueIdentifier>
    </Filter>
    <Filter Include="Render\UIRenderer">
      <UniqueIdentifier>{1f5b892d-7579-4ca9-afc2-3867620674a9}</UniqueIdentifier>
    </Filter>
    <Filter Include="Render\Bindable">
      <UniqueIdentifier>{432478ee-18e3-4ef5-81b1-86dae159c2fd}</UniqueIdentifier>
    </Filter>
    <Filter Include="Render\States">
      <UniqueIdentifier>{ecc62620-5602-4b54-8a75-1009281ee77f}</UniqueIdentifier>
    </Filter>
    <Filter Include="Render\Factory">
      <UniqueIdentifier>{1dd428b2-157e-41ed-90e2-3f7f4909fb83}</UniqueIdentifier>
    </Filter>
    <Filter Include="Interface">
      <UniqueIdentifier>{9d61d061-0617-46aa-94a3-ef3379b0ff65}</UniqueIdentifier>
    </Filter>
    <Filter Include="Render\BSPRenderer">
      <UniqueIdentifier>{99ac3113-0604-4795-bfc1-3f677f111c9e}</UniqueIdentifier>
    </Filter>
    <Filter Include="Render\Utilites">
      <UniqueIdentifier>{292974b1-70a4-41d6-9172-3c058d712e58}</UniqueIdentifier>
    </Filter>
    <Filter Include="Render\SkyRenderer">
      <UniqueIdentifier>{cc301a4c-90ba-4641-bafe-bb90d86d1a22}</UniqueIdentifier>
    </Filter>
  </ItemGroup>
  <ItemGroup>
    <None Include="ref_dx11.def">
      <Filter>Resource Files</Filter>
    </None>
  </ItemGroup>
  <ItemGroup>
    <ClInclude Include="render\Window.h">
      <Filter>Render</Filter>
    </ClInclude>
    <ClInclude Include="render\WndDxIncludes.h">
      <Filter>Render</Filter>
    </ClInclude>
    <ClInclude Include="render\Bindable.h">
      <Filter>Render\Bindable</Filter>
    </ClInclude>
    <ClInclude Include="render\VertexShader.h">
      <Filter>Render\Bindable</Filter>
    </ClInclude>
    <ClInclude Include="render\VertexBuffer.h">
      <Filter>Render\Bindable</Filter>
    </ClInclude>
    <ClInclude Include="render\Shader.h">
      <Filter>Render\Bindable</Filter>
    </ClInclude>
    <ClInclude Include="render\RendererIncludes.h">
      <Filter>Render</Filter>
    </ClInclude>
    <ClInclude Include="render\RasterizationState.h">
      <Filter>Render\States</Filter>
    </ClInclude>
    <ClInclude Include="render\PixelShader.h">
      <Filter>Render\Bindable</Filter>
    </ClInclude>
    <ClInclude Include="render\PipelineFactory.h">
      <Filter>Render\Factory</Filter>
    </ClInclude>
    <ClInclude Include="render\IStateProvider.h">
      <Filter>Render\Factory</Filter>
    </ClInclude>
    <ClInclude Include="render\PipelineState.h">
      <Filter>Render\Factory</Filter>
    </ClInclude>
    <ClInclude Include="render\InputLayout.h">
      <Filter>Render\States</Filter>
    </ClInclude>
    <ClInclude Include="render\IndexBuffer.h">
      <Filter>Render\Bindable</Filter>
    </ClInclude>
    <ClInclude Include="render\ConstantBuffer.h">
      <Filter>Render\Bindable</Filter>
    </ClInclude>
    <ClInclude Include="render\BlendState.h">
      <Filter>Render\States</Filter>
    </ClInclude>
    <ClInclude Include="render\States.h">
      <Filter>Render\States</Filter>
    </ClInclude>
    <ClInclude Include="render\Renderer.h">
      <Filter>Render</Filter>
    </ClInclude>
    <ClInclude Include="render\UIRenderer.h">
      <Filter>Render\UIRenderer</Filter>
    </ClInclude>
    <ClInclude Include="render\UIVertex.h">
      <Filter>Render\UIRenderer</Filter>
    </ClInclude>
    <ClInclude Include="render\Textute.h">
      <Filter>Render</Filter>
    </ClInclude>
    <ClInclude Include="render\Topology.h">
      <Filter>Render\States</Filter>
    </ClInclude>
    <ClInclude Include="dx11_init.h">
      <Filter>Interface</Filter>
    </ClInclude>
    <ClInclude Include="dx11_local.h">
      <Filter>Interface</Filter>
    </ClInclude>
    <ClInclude Include="dxerr.h">
      <Filter>Interface</Filter>
    </ClInclude>
    <ClInclude Include="..\game\q_shared.h">
      <Filter>Interface</Filter>
    </ClInclude>
    <ClInclude Include="..\client\ref.h">
      <Filter>Interface</Filter>
    </ClInclude>
    <ClInclude Include="render\BSPRenderer.h">
      <Filter>Render\BSPRenderer</Filter>
    </ClInclude>
    <ClInclude Include="dx11_model.h">
      <Filter>Interface</Filter>
    </ClInclude>
    <ClInclude Include="..\ref_gl\anorms.h">
      <Filter>Interface</Filter>
    </ClInclude>
    <ClInclude Include="..\ref_gl\anormtab.h">
      <Filter>Interface</Filter>
    </ClInclude>
    <ClInclude Include="..\ref_gl\warpsin.h">
      <Filter>Interface</Filter>
    </ClInclude>
    <ClInclude Include="render\BSPVertex.h">
      <Filter>Render\BSPRenderer</Filter>
    </ClInclude>
    <ClInclude Include="render\Utils.h">
      <Filter>Render\Utilites</Filter>
    </ClInclude>
    <ClInclude Include="render\SkyRenderer.h">
      <Filter>Render\SkyRenderer</Filter>
    </ClInclude>
    <ClInclude Include="render\SkyVertex.h">
      <Filter>Render\SkyRenderer</Filter>
    </ClInclude>
    <ClInclude Include="render\Quad.h">
      <Filter>Render\UIRenderer</Filter>
    </ClInclude>
    <ClInclude Include="render\BSPPoly.h">
      <Filter>Render\BSPRenderer</Filter>
    </ClInclude>
    <ClInclude Include="render\SkyQuad.h">
      <Filter>Render\SkyRenderer</Filter>
    </ClInclude>
  </ItemGroup>
  <ItemGroup>
    <ClCompile Include="render\BlendState.cpp">
      <Filter>Render\States</Filter>
    </ClCompile>
    <ClCompile Include="render\ConstantBuffer.cpp">
      <Filter>Render\Bindable</Filter>
    </ClCompile>
    <ClCompile Include="render\IndexBuffer.cpp">
      <Filter>Render\Bindable</Filter>
    </ClCompile>
    <ClCompile Include="render\InputLayout.cpp">
      <Filter>Render\States</Filter>
    </ClCompile>
    <ClCompile Include="render\PipelineFactory.cpp">
      <Filter>Render\Factory</Filter>
    </ClCompile>
    <ClCompile Include="render\PipelineState.cpp">
      <Filter>Render\Factory</Filter>
    </ClCompile>
    <ClCompile Include="render\PixelShader.cpp">
      <Filter>Render\Bindable</Filter>
    </ClCompile>
    <ClCompile Include="render\RasterizationState.cpp">
      <Filter>Render\States</Filter>
    </ClCompile>
    <ClCompile Include="render\Renderer.cpp">
      <Filter>Render</Filter>
    </ClCompile>
    <ClCompile Include="render\Texture.cpp">
      <Filter>Render</Filter>
    </ClCompile>
    <ClCompile Include="render\UIRenderer.cpp">
      <Filter>Render\UIRenderer</Filter>
    </ClCompile>
    <ClCompile Include="render\VertexBuffer.cpp">
      <Filter>Render\Bindable</Filter>
    </ClCompile>
    <ClCompile Include="render\VertexShader.cpp">
      <Filter>Render\Bindable</Filter>
    </ClCompile>
    <ClCompile Include="render\Window.cpp">
      <Filter>Render</Filter>
    </ClCompile>
    <ClCompile Include="dx11_draw.cpp">
      <Filter>Interface</Filter>
    </ClCompile>
    <ClCompile Include="dx11_image.cpp">
      <Filter>Interface</Filter>
    </ClCompile>
    <ClCompile Include="dx11_init.cpp">
      <Filter>Interface</Filter>
    </ClCompile>
    <ClCompile Include="dx11_rmain.cpp">
      <Filter>Interface</Filter>
    </ClCompile>
    <ClCompile Include="dxerr.cpp">
      <Filter>Interface</Filter>
    </ClCompile>
    <ClCompile Include="..\game\q_shared.c">
      <Filter>Interface</Filter>
    </ClCompile>
    <ClCompile Include="..\win32\q_shwin.c">
      <Filter>Interface</Filter>
    </ClCompile>
    <ClCompile Include="render\BSPRenderer.cpp">
      <Filter>Render\BSPRenderer</Filter>
    </ClCompile>
    <ClCompile Include="dx11_model.cpp">
      <Filter>Interface</Filter>
    </ClCompile>
    <ClCompile Include="dx11_mesh.cpp">
      <Filter>Interface</Filter>
    </ClCompile>
    <ClCompile Include="dx11_rsurf.cpp">
      <Filter>Interface</Filter>
    </ClCompile>
    <ClCompile Include="dx11_warp.cpp">
      <Filter>Interface</Filter>
    </ClCompile>
    <ClCompile Include="dx11_light.cpp">
      <Filter>Interface</Filter>
    </ClCompile>
    <ClCompile Include="dx11_rmisc.cpp">
      <Filter>Interface</Filter>
    </ClCompile>
    <ClCompile Include="render\Utils.cpp">
      <Filter>Render\Utilites</Filter>
    </ClCompile>
    <ClCompile Include="render\SkyRenderer.cpp">
      <Filter>Render\SkyRenderer</Filter>
    </ClCompile>
    <ClCompile Include="render\Quad.cpp">
      <Filter>Render\UIRenderer</Filter>
    </ClCompile>
    <ClCompile Include="render\BSPPoly.cpp">
      <Filter>Render\BSPRenderer</Filter>
    </ClCompile>
    <ClCompile Include="render\SkyQuad.cpp">
      <Filter>Render\SkyRenderer</Filter>
    </ClCompile>
  </ItemGroup>
  <ItemGroup>
    <FxCompile Include="shaders\UITexture.hlsl">
      <Filter>Shaders</Filter>
    </FxCompile>
    <FxCompile Include="shaders\BSP.hlsl">
      <Filter>Shaders</Filter>
    </FxCompile>
    <FxCompile Include="shaders\Sky.hlsl">
      <Filter>Shaders</Filter>
    </FxCompile>
  </ItemGroup>
</Project>